{
    "_readme": [
        "This file locks the dependencies of your project to a known state",
        "Read more about it at https://getcomposer.org/doc/01-basic-usage.md#composer-lock-the-lock-file",
        "This file is @generated automatically"
    ],
    "content-hash": "08538d2dfbc303efab52fe241764d8be",
    "packages": [
        {
            "name": "houdunwang/wechat",
            "version": "v1.0.11",
            "source": {
                "type": "git",
                "url": "https://github.com/houdunwang/wechat.git",
                "reference": "11851fde2a6f0ff6f1c9ea607e38afa9fd40c7b3"
            },
            "dist": {
                "type": "zip",
                "url": "https://api.github.com/repos/houdunwang/wechat/zipball/11851fde2a6f0ff6f1c9ea607e38afa9fd40c7b3",
                "reference": "11851fde2a6f0ff6f1c9ea607e38afa9fd40c7b3",
                "shasum": ""
            },
            "require": {
                "php": ">=5.4.0"
            },
            "type": "project",
            "autoload": {
                "files": [],
                "psr-4": {
                    "houdunwang\\wechat\\": "src"
                }
            },
            "notification-url": "https://packagist.org/downloads/",
            "license": [
                "MIT"
            ],
            "authors": [
                {
                    "name": "后盾网向军",
                    "email": "2300071698@qq.com"
                }
            ],
            "description": "微信开发组件可以快速整合到主流框架中如thinkphp、laravel。为微信开发提供了很大的便利，减少开发人员底层代码的构建，节省开发时间。如果大家对微信开发不了解，后盾网已经推出了【后盾向军微信开发宝典】 请登录 后盾网论坛获取视频 http://bbs.houdunwang.com",
            "homepage": "http://www.houdunwang.com/",
            "keywords": [
                "hdphp",
                "houdunwang",
                "mcrypt",
                "wechat",
                "后盾人",
                "后盾网",
                "向军老师",
                "微信开发"
            ],
            "time": "2017-02-15T11:03:43+00:00"
        }
    ],
    "packages-dev": [],
    "aliases": [],
    "minimum-stability": "dev",
    "stability-flags": [],
    "prefer-stable": false,
    "prefer-lowest": false,
    "platform": {
        "php": ">=5.3.0"
    },
    "platform-dev": []
}
